
Microsoft Visual Studio Solution File, Format Version 12.00
# Visual Studio Version 16
VisualStudioVersion = 16.0.31624.102
MinimumVisualStudioVersion = 10.0.40219.1
Project("{9A19103F-16F7-4668-BE54-9A1E7A4F7556}") = "EjemploUDP", "EjemploUDP\EjemploUDP.csproj", "{5FD72B5F-6A23-4C9E-82FA-307C7CC9FA5B}"
EndProject
Project("{9A19103F-16F7-4668-BE54-9A1E7A4F7556}") = "EjemploUDPCliente", "EjemploUDPCliente\EjemploUDPCliente.csproj", "{A798DB46-5C25-47A1-86DE-B44FE2FEFE57}"
EndProject
Project("{9A19103F-16F7-4668-BE54-9A1E7A4F7556}") = "PrograAsincrona", "PrograAsincrona\PrograAsincrona.csproj", "{E03B80F4-5AF5-43BE-9E25-4E89E9DB99AA}"
EndProject
Project("{9A19103F-16F7-4668-BE54-9A1E7A4F7556}") = "UDPServerDatos", "UDPServerDatos\UDPServerDatos.csproj", "{56C283B8-B5A8-487C-8D35-7A5C093E9DC2}"
EndProject
Project("{9A19103F-16F7-4668-BE54-9A1E7A4F7556}") = "UDPClienteDatos", "UDPClienteDatos\UDPClienteDatos.csproj", "{D5FC20FA-AB01-42C9-98D1-B02501C8F4D5}"
EndProject
Project("{2150E333-8FDC-42A3-9474-1A3956D46DE8}") = "Unidad1", "Unidad1", "{DA8FCED3-2854-4711-8183-C261F2485261}"
EndProject
Project("{9A19103F-16F7-4668-BE54-9A1E7A4F7556}") = "ChatTCPServer", "ChatTCPServer\ChatTCPServer.csproj", "{86EC04AA-14A9-4908-A3D0-644EE5200C98}"
EndProject
Project("{9A19103F-16F7-4668-BE54-9A1E7A4F7556}") = "ChatTCPClient", "ChatTCPClient\ChatTCPClient.csproj", "{E9C41A87-3242-43A5-9D72-63796CC68B16}"
EndProject
Project("{2150E333-8FDC-42A3-9474-1A3956D46DE8}") = "Unidad 2", "Unidad 2", "{73373DB8-B473-4EBA-96C4-30E05E1A2286}"
EndProject
Project("{9A19103F-16F7-4668-BE54-9A1E7A4F7556}") = "ServidorHTTPSimple", "ServidorHTTPSimple\ServidorHTTPSimple.csproj", "{CD8DDDFF-F117-431F-9A15-0002A175BE16}"
EndProject
Project("{FAE04EC0-301F-11D3-BF4B-00C04F79EFBC}") = "HttpDibujar", "HttpDibujar\HttpDibujar.csproj", "{0DBA08D5-C13C-488E-98BA-80640D6840A7}"
EndProject
Global
	GlobalSection(SolutionConfigurationPlatforms) = preSolution
		Debug|Any CPU = Debug|Any CPU
		Release|Any CPU = Release|Any CPU
	EndGlobalSection
	GlobalSection(ProjectConfigurationPlatforms) = postSolution
		{5FD72B5F-6A23-4C9E-82FA-307C7CC9FA5B}.Debug|Any CPU.ActiveCfg = Debug|Any CPU
		{5FD72B5F-6A23-4C9E-82FA-307C7CC9FA5B}.Debug|Any CPU.Build.0 = Debug|Any CPU
		{5FD72B5F-6A23-4C9E-82FA-307C7CC9FA5B}.Release|Any CPU.ActiveCfg = Release|Any CPU
		{5FD72B5F-6A23-4C9E-82FA-307C7CC9FA5B}.Release|Any CPU.Build.0 = Release|Any CPU
		{A798DB46-5C25-47A1-86DE-B44FE2FEFE57}.Debug|Any CPU.ActiveCfg = Debug|Any CPU
		{A798DB46-5C25-47A1-86DE-B44FE2FEFE57}.Debug|Any CPU.Build.0 = Debug|Any CPU
		{A798DB46-5C25-47A1-86DE-B44FE2FEFE57}.Release|Any CPU.ActiveCfg = Release|Any CPU
		{A798DB46-5C25-47A1-86DE-B44FE2FEFE57}.Release|Any CPU.Build.0 = Release|Any CPU
		{E03B80F4-5AF5-43BE-9E25-4E89E9DB99AA}.Debug|Any CPU.ActiveCfg = Debug|Any CPU
		{E03B80F4-5AF5-43BE-9E25-4E89E9DB99AA}.Debug|Any CPU.Build.0 = Debug|Any CPU
		{E03B80F4-5AF5-43BE-9E25-4E89E9DB99AA}.Release|Any CPU.ActiveCfg = Release|Any CPU
		{E03B80F4-5AF5-43BE-9E25-4E89E9DB99AA}.Release|Any CPU.Build.0 = Release|Any CPU
		{56C283B8-B5A8-487C-8D35-7A5C093E9DC2}.Debug|Any CPU.ActiveCfg = Debug|Any CPU
		{56C283B8-B5A8-487C-8D35-7A5C093E9DC2}.Debug|Any CPU.Build.0 = Debug|Any CPU
		{56C283B8-B5A8-487C-8D35-7A5C093E9DC2}.Release|Any CPU.ActiveCfg = Release|Any CPU
		{56C283B8-B5A8-487C-8D35-7A5C093E9DC2}.Release|Any CPU.Build.0 = Release|Any CPU
		{D5FC20FA-AB01-42C9-98D1-B02501C8F4D5}.Debug|Any CPU.ActiveCfg = Debug|Any CPU
		{D5FC20FA-AB01-42C9-98D1-B02501C8F4D5}.Debug|Any CPU.Build.0 = Debug|Any CPU
		{D5FC20FA-AB01-42C9-98D1-B02501C8F4D5}.Release|Any CPU.ActiveCfg = Release|Any CPU
		{D5FC20FA-AB01-42C9-98D1-B02501C8F4D5}.Release|Any CPU.Build.0 = Release|Any CPU
		{86EC04AA-14A9-4908-A3D0-644EE5200C98}.Debug|Any CPU.ActiveCfg = Debug|Any CPU
		{86EC04AA-14A9-4908-A3D0-644EE5200C98}.Debug|Any CPU.Build.0 = Debug|Any CPU
		{86EC04AA-14A9-4908-A3D0-644EE5200C98}.Release|Any CPU.ActiveCfg = Release|Any CPU
		{86EC04AA-14A9-4908-A3D0-644EE5200C98}.Release|Any CPU.Build.0 = Release|Any CPU
		{E9C41A87-3242-43A5-9D72-63796CC68B16}.Debug|Any CPU.ActiveCfg = Debug|Any CPU
		{E9C41A87-3242-43A5-9D72-63796CC68B16}.Debug|Any CPU.Build.0 = Debug|Any CPU
		{E9C41A87-3242-43A5-9D72-63796CC68B16}.Release|Any CPU.ActiveCfg = Release|Any CPU
		{E9C41A87-3242-43A5-9D72-63796CC68B16}.Release|Any CPU.Build.0 = Release|Any CPU
		{CD8DDDFF-F117-431F-9A15-0002A175BE16}.Debug|Any CPU.ActiveCfg = Debug|Any CPU
		{CD8DDDFF-F117-431F-9A15-0002A175BE16}.Debug|Any CPU.Build.0 = Debug|Any CPU
		{CD8DDDFF-F117-431F-9A15-0002A175BE16}.Release|Any CPU.ActiveCfg = Release|Any CPU
		{CD8DDDFF-F117-431F-9A15-0002A175BE16}.Release|Any CPU.Build.0 = Release|Any CPU
		{0DBA08D5-C13C-488E-98BA-80640D6840A7}.Debug|Any CPU.ActiveCfg = Debug|Any CPU
		{0DBA08D5-C13C-488E-98BA-80640D6840A7}.Debug|Any CPU.Build.0 = Debug|Any CPU
		{0DBA08D5-C13C-488E-98BA-80640D6840A7}.Release|Any CPU.ActiveCfg = Release|Any CPU
		{0DBA08D5-C13C-488E-98BA-80640D6840A7}.Release|Any CPU.Build.0 = Release|Any CPU
	EndGlobalSection
	GlobalSection(SolutionProperties) = preSolution
		HideSolutionNode = FALSE
	EndGlobalSection
	GlobalSection(NestedProjects) = preSolution
		{5FD72B5F-6A23-4C9E-82FA-307C7CC9FA5B} = {DA8FCED3-2854-4711-8183-C261F2485261}
		{A798DB46-5C25-47A1-86DE-B44FE2FEFE57} = {DA8FCED3-2854-4711-8183-C261F2485261}
		{E03B80F4-5AF5-43BE-9E25-4E89E9DB99AA} = {DA8FCED3-2854-4711-8183-C261F2485261}
		{56C283B8-B5A8-487C-8D35-7A5C093E9DC2} = {DA8FCED3-2854-4711-8183-C261F2485261}
		{D5FC20FA-AB01-42C9-98D1-B02501C8F4D5} = {DA8FCED3-2854-4711-8183-C261F2485261}
		{86EC04AA-14A9-4908-A3D0-644EE5200C98} = {DA8FCED3-2854-4711-8183-C261F2485261}
		{E9C41A87-3242-43A5-9D72-63796CC68B16} = {DA8FCED3-2854-4711-8183-C261F2485261}
		{CD8DDDFF-F117-431F-9A15-0002A175BE16} = {73373DB8-B473-4EBA-96C4-30E05E1A2286}
		{0DBA08D5-C13C-488E-98BA-80640D6840A7} = {73373DB8-B473-4EBA-96C4-30E05E1A2286}
	EndGlobalSection
	GlobalSection(ExtensibilityGlobals) = postSolution
		SolutionGuid = {54379A9D-8652-44B6-BA3B-124C382BEEB0}
	EndGlobalSection
EndGlobal
